
Microsoft Visual Studio Solution File, Format Version 12.00
# Visual Studio Version 17
VisualStudioVersion = 17.1.32210.238
MinimumVisualStudioVersion = 10.0.40219.1
Project("{9A19103F-16F7-4668-BE54-9A1E7A4F7556}") = "GitFlowDemoApp", "GitFlowDemoApp\GitFlowDemoApp.csproj", "{AB88C8C1-5A1F-4A09-89A9-6B3DD9D1202D}"
EndProject
Project("{9A19103F-16F7-4668-BE54-9A1E7A4F7556}") = "HelperClasses", "HelperClasses\HelperClasses.csproj", "{5896CCB8-A69C-4EF2-9033-EE454E1BD32D}"
EndProject
Global
	GlobalSection(SolutionConfigurationPlatforms) = preSolution
		Debug|Any CPU = Debug|Any CPU
		Release|Any CPU = Release|Any CPU
	EndGlobalSection
	GlobalSection(ProjectConfigurationPlatforms) = postSolution
		{AB88C8C1-5A1F-4A09-89A9-6B3DD9D1202D}.Debug|Any CPU.ActiveCfg = Debug|Any CPU
		{AB88C8C1-5A1F-4A09-89A9-6B3DD9D1202D}.Debug|Any CPU.Build.0 = Debug|Any CPU
		{AB88C8C1-5A1F-4A09-89A9-6B3DD9D1202D}.Release|Any CPU.ActiveCfg = Release|Any CPU
		{AB88C8C1-5A1F-4A09-89A9-6B3DD9D1202D}.Release|Any CPU.Build.0 = Release|Any CPU
		{5896CCB8-A69C-4EF2-9033-EE454E1BD32D}.Debug|Any CPU.ActiveCfg = Debug|Any CPU
		{5896CCB8-A69C-4EF2-9033-EE454E1BD32D}.Debug|Any CPU.Build.0 = Debug|Any CPU
		{5896CCB8-A69C-4EF2-9033-EE454E1BD32D}.Release|Any CPU.ActiveCfg = Release|Any CPU
		{5896CCB8-A69C-4EF2-9033-EE454E1BD32D}.Release|Any CPU.Build.0 = Release|Any CPU
	EndGlobalSection
	GlobalSection(SolutionProperties) = preSolution
		HideSolutionNode = FALSE
	EndGlobalSection
	GlobalSection(ExtensibilityGlobals) = postSolution
		SolutionGuid = {610D7B51-93DF-476E-BAD5-6018C67D4C8B}
	EndGlobalSection
EndGlobal
